// !$*UTF8*$!
{
	archiveVersion = 1;
	classes = {
	};
	objectVersion = 56;
	objects = {

/* Begin PBXBuildFile section */
		BB20801B2BEFC886008FC748 /* ContainerRelativeFrameDemoApp.swift in Sources */ = {isa = PBXBuildFile; fileRef = BB20801A2BEFC886008FC748 /* ContainerRelativeFrameDemoApp.swift */; };
		BB20801D2BEFC886008FC748 /* BasicsView.swift in Sources */ = {isa = PBXBuildFile; fileRef = BB20801C2BEFC886008FC748 /* BasicsView.swift */; };
		BB20801F2BEFC887008FC748 /* Assets.xcassets in Resources */ = {isa = PBXBuildFile; fileRef = BB20801E2BEFC887008FC748 /* Assets.xcassets */; };
		BB2080222BEFC887008FC748 /* Preview Assets.xcassets in Resources */ = {isa = PBXBuildFile; fileRef = BB2080212BEFC887008FC748 /* Preview Assets.xcassets */; };
		BB2080292BEFD11F008FC748 /* RelativeSizingView.swift in Sources */ = {isa = PBXBuildFile; fileRef = BB2080282BEFD11F008FC748 /* RelativeSizingView.swift */; };
		BB2080452BEFE64C008FC748 /* MoreRelativeSizing.swift in Sources */ = {isa = PBXBuildFile; fileRef = BB2080442BEFE64C008FC748 /* MoreRelativeSizing.swift */; };
		BB2080472BEFEBB7008FC748 /* CountAndSpanView.swift in Sources */ = {isa = PBXBuildFile; fileRef = BB2080462BEFEBB7008FC748 /* CountAndSpanView.swift */; };
		BB20804B2BEFF4E6008FC748 /* ImageScrollView.swift in Sources */ = {isa = PBXBuildFile; fileRef = BB20804A2BEFF4E6008FC748 /* ImageScrollView.swift */; };
		BB55887C2BF001E1008D7A2C /* Launch Screen.storyboard in Resources */ = {isa = PBXBuildFile; fileRef = BB55887B2BF001E1008D7A2C /* Launch Screen.storyboard */; };
/* End PBXBuildFile section */

/* Begin PBXFileReference section */
		BB2080172BEFC886008FC748 /* ContainerRelativeFrameDemo.app */ = {isa = PBXFileReference; explicitFileType = wrapper.application; includeInIndex = 0; path = ContainerRelativeFrameDemo.app; sourceTree = BUILT_PRODUCTS_DIR; };
		BB20801A2BEFC886008FC748 /* ContainerRelativeFrameDemoApp.swift */ = {isa = PBXFileReference; lastKnownFileType = sourcecode.swift; path = ContainerRelativeFrameDemoApp.swift; sourceTree = "<group>"; };
		BB20801C2BEFC886008FC748 /* BasicsView.swift */ = {isa = PBXFileReference; lastKnownFileType = sourcecode.swift; path = BasicsView.swift; sourceTree = "<group>"; };
		BB20801E2BEFC887008FC748 /* Assets.xcassets */ = {isa = PBXFileReference; lastKnownFileType = folder.assetcatalog; path = Assets.xcassets; sourceTree = "<group>"; };
		BB2080212BEFC887008FC748 /* Preview Assets.xcassets */ = {isa = PBXFileReference; lastKnownFileType = folder.assetcatalog; path = "Preview Assets.xcassets"; sourceTree = "<group>"; };
		BB2080282BEFD11F008FC748 /* RelativeSizingView.swift */ = {isa = PBXFileReference; lastKnownFileType = sourcecode.swift; path = RelativeSizingView.swift; sourceTree = "<group>"; };
		BB2080442BEFE64C008FC748 /* MoreRelativeSizing.swift */ = {isa = PBXFileReference; lastKnownFileType = sourcecode.swift; path = MoreRelativeSizing.swift; sourceTree = "<group>"; };
		BB2080462BEFEBB7008FC748 /* CountAndSpanView.swift */ = {isa = PBXFileReference; lastKnownFileType = sourcecode.swift; path = CountAndSpanView.swift; sourceTree = "<group>"; };
		BB20804A2BEFF4E6008FC748 /* ImageScrollView.swift */ = {isa = PBXFileReference; lastKnownFileType = sourcecode.swift; path = ImageScrollView.swift; sourceTree = "<group>"; };
		BB55887B2BF001E1008D7A2C /* Launch Screen.storyboard */ = {isa = PBXFileReference; lastKnownFileType = file.storyboard; path = "Launch Screen.storyboard"; sourceTree = "<group>"; };
/* End PBXFileReference section */

/* Begin PBXFrameworksBuildPhase section */
		BB2080142BEFC886008FC748 /* Frameworks */ = {
			isa = PBXFrameworksBuildPhase;
			buildActionMask = 2147483647;
			files = (
			);
			runOnlyForDeploymentPostprocessing = 0;
		};
/* End PBXFrameworksBuildPhase section */

/* Begin PBXGroup section */
		BB20800E2BEFC886008FC748 = {
			isa = PBXGroup;
			children = (
				BB2080192BEFC886008FC748 /* ContainerRelativeFrameDemo */,
				BB2080182BEFC886008FC748 /* Products */,
			);
			sourceTree = "<group>";
		};
		BB2080182BEFC886008FC748 /* Products */ = {
			isa = PBXGroup;
			children = (
				BB2080172BEFC886008FC748 /* ContainerRelativeFrameDemo.app */,
			);
			name = Products;
			sourceTree = "<group>";
		};
		BB2080192BEFC886008FC748 /* ContainerRelativeFrameDemo */ = {
			isa = PBXGroup;
			children = (
				BB20801A2BEFC886008FC748 /* ContainerRelativeFrameDemoApp.swift */,
				BB20801C2BEFC886008FC748 /* BasicsView.swift */,
				BB2080282BEFD11F008FC748 /* RelativeSizingView.swift */,
				BB2080442BEFE64C008FC748 /* MoreRelativeSizing.swift */,
				BB2080462BEFEBB7008FC748 /* CountAndSpanView.swift */,
				BB20804A2BEFF4E6008FC748 /* ImageScrollView.swift */,
				BB20801E2BEFC887008FC748 /* Assets.xcassets */,
				BB55887B2BF001E1008D7A2C /* Launch Screen.storyboard */,
				BB2080202BEFC887008FC748 /* Preview Content */,
			);
			path = ContainerRelativeFrameDemo;
			sourceTree = "<group>";
		};
		BB2080202BEFC887008FC748 /* Preview Content */ = {
			isa = PBXGroup;
			children = (
				BB2080212BEFC887008FC748 /* Preview Assets.xcassets */,
			);
			path = "Preview Content";
			sourceTree = "<group>";
		};
/* End PBXGroup section */

/* Begin PBXNativeTarget section */
		BB2080162BEFC886008FC748 /* ContainerRelativeFrameDemo */ = {
			isa = PBXNativeTarget;
			buildConfigurationList = BB2080252BEFC887008FC748 /* Build configuration list for PBXNativeTarget "ContainerRelativeFrameDemo" */;
			buildPhases = (
				BB2080132BEFC886008FC748 /* Sources */,
				BB2080142BEFC886008FC748 /* Frameworks */,
				BB2080152BEFC886008FC748 /* Resources */,
			);
			buildRules = (
			);
			dependencies = (
			);
			name = ContainerRelativeFrameDemo;
			productName = ContainerRelativeFrameDemo;
			productReference = BB2080172BEFC886008FC748 /* ContainerRelativeFrameDemo.app */;
			productType = "com.apple.product-type.application";
		};
/* End PBXNativeTarget section */

/* Begin PBXProject section */
		BB20800F2BEFC886008FC748 /* Project object */ = {
			isa = PBXProject;
			attributes = {
				BuildIndependentTargetsInParallel = 1;
				LastSwiftUpdateCheck = 1530;
				LastUpgradeCheck = 1530;
				TargetAttributes = {
					BB2080162BEFC886008FC748 = {
						CreatedOnToolsVersion = 15.3;
					};
				};
			};
			buildConfigurationList = BB2080122BEFC886008FC748 /* Build configuration list for PBXProject "ContainerRelativeFrameDemo" */;
			compatibilityVersion = "Xcode 14.0";
			developmentRegion = en;
			hasScannedForEncodings = 0;
			knownRegions = (
				en,
				Base,
			);
			mainGroup = BB20800E2BEFC886008FC748;
			productRefGroup = BB2080182BEFC886008FC748 /* Products */;
			projectDirPath = "";
			projectRoot = "";
			targets = (
				BB2080162BEFC886008FC748 /* ContainerRelativeFrameDemo */,
			);
		};
/* End PBXProject section */

/* Begin PBXResourcesBuildPhase section */
		BB2080152BEFC886008FC748 /* Resources */ = {
			isa = PBXResourcesBuildPhase;
			buildActionMask = 2147483647;
			files = (
				BB55887C2BF001E1008D7A2C /* Launch Screen.storyboard in Resources */,
				BB2080222BEFC887008FC748 /* Preview Assets.xcassets in Resources */,
				BB20801F2BEFC887008FC748 /* Assets.xcassets in Resources */,
			);
			runOnlyForDeploymentPostprocessing = 0;
		};
/* End PBXResourcesBuildPhase section */

/* Begin PBXSourcesBuildPhase section */
		BB2080132BEFC886008FC748 /* Sources */ = {
			isa = PBXSourcesBuildPhase;
			buildActionMask = 2147483647;
			files = (
				BB20801D2BEFC886008FC748 /* BasicsView.swift in Sources */,
				BB2080292BEFD11F008FC748 /* RelativeSizingView.swift in Sources */,
				BB2080472BEFEBB7008FC748 /* CountAndSpanView.swift in Sources */,
				BB20804B2BEFF4E6008FC748 /* ImageScrollView.swift in Sources */,
				BB2080452BEFE64C008FC748 /* MoreRelativeSizing.swift in Sources */,
				BB20801B2BEFC886008FC748 /* ContainerRelativeFrameDemoApp.swift in Sources */,
			);
			runOnlyForDeploymentPostprocessing = 0;
		};
/* End PBXSourcesBuildPhase section */

/* Begin XCBuildConfiguration section */
		BB2080232BEFC887008FC748 /* Debug */ = {
			isa = XCBuildConfiguration;
			buildSettings = {
				ALWAYS_SEARCH_USER_PATHS = NO;
				ASSETCATALOG_COMPILER_GENERATE_SWIFT_ASSET_SYMBOL_EXTENSIONS = YES;
				CLANG_ANALYZER_NONNULL = YES;
				CLANG_ANALYZER_NUMBER_OBJECT_CONVERSION = YES_AGGRESSIVE;
				CLANG_CXX_LANGUAGE_STANDARD = "gnu++20";
				CLANG_ENABLE_MODULES = YES;
				CLANG_ENABLE_OBJC_ARC = YES;
				CLANG_ENABLE_OBJC_WEAK = YES;
				CLANG_WARN_BLOCK_CAPTURE_AUTORELEASING = YES;
				CLANG_WARN_BOOL_CONVERSION = YES;
				CLANG_WARN_COMMA = YES;
				CLANG_WARN_CONSTANT_CONVERSION = YES;
				CLANG_WARN_DEPRECATED_OBJC_IMPLEMENTATIONS = YES;
				CLANG_WARN_DIRECT_OBJC_ISA_USAGE = YES_ERROR;
				CLANG_WARN_DOCUMENTATION_COMMENTS = YES;
				CLANG_WARN_EMPTY_BODY = YES;
				CLANG_WARN_ENUM_CONVERSION = YES;
				CLANG_WARN_INFINITE_RECURSION = YES;
				CLANG_WARN_INT_CONVERSION = YES;
				CLANG_WARN_NON_LITERAL_NULL_CONVERSION = YES;
				CLANG_WARN_OBJC_IMPLICIT_RETAIN_SELF = YES;
				CLANG_WARN_OBJC_LITERAL_CONVERSION = YES;
				CLANG_WARN_OBJC_ROOT_CLASS = YES_ERROR;
				CLANG_WARN_QUOTED_INCLUDE_IN_FRAMEWORK_HEADER = YES;
				CLANG_WARN_RANGE_LOOP_ANALYSIS = YES;
				CLANG_WARN_STRICT_PROTOTYPES = YES;
				CLANG_WARN_SUSPICIOUS_MOVE = YES;
				CLANG_WARN_UNGUARDED_AVAILABILITY = YES_AGGRESSIVE;
				CLANG_WARN_UNREACHABLE_CODE = YES;
				CLANG_WARN__DUPLICATE_METHOD_MATCH = YES;
				COPY_PHASE_STRIP = NO;
				DEBUG_INFORMATION_FORMAT = dwarf;
				ENABLE_STRICT_OBJC_MSGSEND = YES;
				ENABLE_TESTABILITY = YES;
				ENABLE_USER_SCRIPT_SANDBOXING = YES;
				GCC_C_LANGUAGE_STANDARD = gnu17;
				GCC_DYNAMIC_NO_PIC = NO;
				GCC_NO_COMMON_BLOCKS = YES;
				GCC_OPTIMIZATION_LEVEL = 0;
				GCC_PREPROCESSOR_DEFINITIONS = (
					"DEBUG=1",
					"$(inherited)",
				);
				GCC_WARN_64_TO_32_BIT_CONVERSION = YES;
				GCC_WARN_ABOUT_RETURN_TYPE = YES_ERROR;
				GCC_WARN_UNDECLARED_SELECTOR = YES;
				GCC_WARN_UNINITIALIZED_AUTOS = YES_AGGRESSIVE;
				GCC_WARN_UNUSED_FUNCTION = YES;
				GCC_WARN_UNUSED_VARIABLE = YES;
				IPHONEOS_DEPLOYMENT_TARGET = 17.4;
				LOCALIZATION_PREFERS_STRING_CATALOGS = YES;
				MTL_ENABLE_DEBUG_INFO = INCLUDE_SOURCE;
				MTL_FAST_MATH = YES;
				ONLY_ACTIVE_ARCH = YES;
				SDKROOT = iphoneos;
				SWIFT_ACTIVE_COMPILATION_CONDITIONS = "DEBUG $(inherited)";
				SWIFT_OPTIMIZATION_LEVEL = "-Onone";
			};
			name = Debug;
		};
		BB2080242BEFC887008FC748 /* Release */ = {
			isa = XCBuildConfiguration;
			buildSettings = {
				ALWAYS_SEARCH_USER_PATHS = NO;
				ASSETCATALOG_COMPILER_GENERATE_SWIFT_ASSET_SYMBOL_EXTENSIONS = YES;
				CLANG_ANALYZER_NONNULL = YES;
				CLANG_ANALYZER_NUMBER_OBJECT_CONVERSION = YES_AGGRESSIVE;
				CLANG_CXX_LANGUAGE_STANDARD = "gnu++20";
				CLANG_ENABLE_MODULES = YES;
				CLANG_ENABLE_OBJC_ARC = YES;
				CLANG_ENABLE_OBJC_WEAK = YES;
				CLANG_WARN_BLOCK_CAPTURE_AUTORELEASING = YES;
				CLANG_WARN_BOOL_CONVERSION = YES;
				CLANG_WARN_COMMA = YES;
				CLANG_WARN_CONSTANT_CONVERSION = YES;
				CLANG_WARN_DEPRECATED_OBJC_IMPLEMENTATIONS = YES;
				CLANG_WARN_DIRECT_OBJC_ISA_USAGE = YES_ERROR;
				CLANG_WARN_DOCUMENTATION_COMMENTS = YES;
				CLANG_WARN_EMPTY_BODY = YES;
				CLANG_WARN_ENUM_CONVERSION = YES;
				CLANG_WARN_INFINITE_RECURSION = YES;
				CLANG_WARN_INT_CONVERSION = YES;
				CLANG_WARN_NON_LITERAL_NULL_CONVERSION = YES;
				CLANG_WARN_OBJC_IMPLICIT_RETAIN_SELF = YES;
				CLANG_WARN_OBJC_LITERAL_CONVERSION = YES;
				CLANG_WARN_OBJC_ROOT_CLASS = YES_ERROR;
				CLANG_WARN_QUOTED_INCLUDE_IN_FRAMEWORK_HEADER = YES;
				CLANG_WARN_RANGE_LOOP_ANALYSIS = YES;
				CLANG_WARN_STRICT_PROTOTYPES = YES;
				CLANG_WARN_SUSPICIOUS_MOVE = YES;
				CLANG_WARN_UNGUARDED_AVAILABILITY = YES_AGGRESSIVE;
				CLANG_WARN_UNREACHABLE_CODE = YES;
				CLANG_WARN__DUPLICATE_METHOD_MATCH = YES;
				COPY_PHASE_STRIP = NO;
				DEBUG_INFORMATION_FORMAT = "dwarf-with-dsym";
				ENABLE_NS_ASSERTIONS = NO;
				ENABLE_STRICT_OBJC_MSGSEND = YES;
				ENABLE_USER_SCRIPT_SANDBOXING = YES;
				GCC_C_LANGUAGE_STANDARD = gnu17;
				GCC_NO_COMMON_BLOCKS = YES;
				GCC_WARN_64_TO_32_BIT_CONVERSION = YES;
				GCC_WARN_ABOUT_RETURN_TYPE = YES_ERROR;
				GCC_WARN_UNDECLARED_SELECTOR = YES;
				GCC_WARN_UNINITIALIZED_AUTOS = YES_AGGRESSIVE;
				GCC_WARN_UNUSED_FUNCTION = YES;
				GCC_WARN_UNUSED_VARIABLE = YES;
				IPHONEOS_DEPLOYMENT_TARGET = 17.4;
				LOCALIZATION_PREFERS_STRING_CATALOGS = YES;
				MTL_ENABLE_DEBUG_INFO = NO;
				MTL_FAST_MATH = YES;
				SDKROOT = iphoneos;
				SWIFT_COMPILATION_MODE = wholemodule;
				VALIDATE_PRODUCT = YES;
			};
			name = Release;
		};
		BB2080262BEFC887008FC748 /* Debug */ = {
			isa = XCBuildConfiguration;
			buildSettings = {
				ASSETCATALOG_COMPILER_APPICON_NAME = AppIcon;
				ASSETCATALOG_COMPILER_GLOBAL_ACCENT_COLOR_NAME = AccentColor;
				CODE_SIGN_STYLE = Automatic;
				CURRENT_PROJECT_VERSION = 1;
				DEVELOPMENT_ASSET_PATHS = "\"ContainerRelativeFrameDemo/Preview Content\"";
				DEVELOPMENT_TEAM = RKV4UP49S6;
				ENABLE_PREVIEWS = YES;
				GENERATE_INFOPLIST_FILE = YES;
				INFOPLIST_KEY_UIApplicationSceneManifest_Generation = YES;
				INFOPLIST_KEY_UIApplicationSupportsIndirectInputEvents = YES;
				INFOPLIST_KEY_UILaunchScreen_Generation = YES;
				INFOPLIST_KEY_UILaunchStoryboardName = "Launch Screen.storyboard";
				INFOPLIST_KEY_UISupportedInterfaceOrientations_iPad = "UIInterfaceOrientationPortrait UIInterfaceOrientationPortraitUpsideDown UIInterfaceOrientationLandscapeLeft UIInterfaceOrientationLandscapeRight";
				INFOPLIST_KEY_UISupportedInterfaceOrientations_iPhone = "UIInterfaceOrientationPortrait UIInterfaceOrientationLandscapeLeft UIInterfaceOrientationLandscapeRight";
				LD_RUNPATH_SEARCH_PATHS = (
					"$(inherited)",
					"@executable_path/Frameworks",
				);
				MARKETING_VERSION = 1.0;
				PRODUCT_BUNDLE_IDENTIFIER = com.createchsol.ContainerRelativeFrameDemo;
				PRODUCT_NAME = "$(TARGET_NAME)";
				SWIFT_EMIT_LOC_STRINGS = YES;
				SWIFT_VERSION = 5.0;
				TARGETED_DEVICE_FAMILY = "1,2";
			};
			name = Debug;
		};
		BB2080272BEFC887008FC748 /* Release */ = {
			isa = XCBuildConfiguration;
			buildSettings = {
				ASSETCATALOG_COMPILER_APPICON_NAME = AppIcon;
				ASSETCATALOG_COMPILER_GLOBAL_ACCENT_COLOR_NAME = AccentColor;
				CODE_SIGN_STYLE = Automatic;
				CURRENT_PROJECT_VERSION = 1;
				DEVELOPMENT_ASSET_PATHS = "\"ContainerRelativeFrameDemo/Preview Content\"";
				DEVELOPMENT_TEAM = RKV4UP49S6;
				ENABLE_PREVIEWS = YES;
				GENERATE_INFOPLIST_FILE = YES;
				INFOPLIST_KEY_UIApplicationSceneManifest_Generation = YES;
				INFOPLIST_KEY_UIApplicationSupportsIndirectInputEvents = YES;
				INFOPLIST_KEY_UILaunchScreen_Generation = YES;
				INFOPLIST_KEY_UILaunchStoryboardName = "Launch Screen.storyboard";
				INFOPLIST_KEY_UISupportedInterfaceOrientations_iPad = "UIInterfaceOrientationPortrait UIInterfaceOrientationPortraitUpsideDown UIInterfaceOrientationLandscapeLeft UIInterfaceOrientationLandscapeRight";
				INFOPLIST_KEY_UISupportedInterfaceOrientations_iPhone = "UIInterfaceOrientationPortrait UIInterfaceOrientationLandscapeLeft UIInterfaceOrientationLandscapeRight";
				LD_RUNPATH_SEARCH_PATHS = (
					"$(inherited)",
					"@executable_path/Frameworks",
				);
				MARKETING_VERSION = 1.0;
				PRODUCT_BUNDLE_IDENTIFIER = com.createchsol.ContainerRelativeFrameDemo;
				PRODUCT_NAME = "$(TARGET_NAME)";
				SWIFT_EMIT_LOC_STRINGS = YES;
				SWIFT_VERSION = 5.0;
				TARGETED_DEVICE_FAMILY = "1,2";
			};
			name = Release;
		};
/* End XCBuildConfiguration section */

/* Begin XCConfigurationList section */
		BB2080122BEFC886008FC748 /* Build configuration list for PBXProject "ContainerRelativeFrameDemo" */ = {
			isa = XCConfigurationList;
			buildConfigurations = (
				BB2080232BEFC887008FC748 /* Debug */,
				BB2080242BEFC887008FC748 /* Release */,
			);
			defaultConfigurationIsVisible = 0;
			defaultConfigurationName = Release;
		};
		BB2080252BEFC887008FC748 /* Build configuration list for PBXNativeTarget "ContainerRelativeFrameDemo" */ = {
			isa = XCConfigurationList;
			buildConfigurations = (
				BB2080262BEFC887008FC748 /* Debug */,
				BB2080272BEFC887008FC748 /* Release */,
			);
			defaultConfigurationIsVisible = 0;
			defaultConfigurationName = Release;
		};
/* End XCConfigurationList section */
	};
	rootObject = BB20800F2BEFC886008FC748 /* Project object */;
}
